{
  "nodes": {
    "nixpkgs": {
      "locked": {
        "lastModified": 1626430559,
        "narHash": "sha256-u2bpgDLyKWVJWCzEsBDxvZf+TGabIUwR+/bHGK6QAsI=",
        "ref": "custom-21.05",
        "rev": "db9a96751afa07193c2af2948ddc3515ce35f54d",
        "revCount": 293002,
        "type": "git",
        "url": "file:///home/kerstin/nixpkgs"
      },
      "original": {
        "id": "nixpkgs",
        "type": "indirect"
      }
    },
    "root": {
      "inputs": {
        "nixpkgs": "nixpkgs"
      }
    }
  },
  "root": "root",
  "version": 7
}
